
Microsoft Visual Studio Solution File, Format Version 12.00
# Visual Studio Version 16
VisualStudioVersion = 16.0.32002.261
MinimumVisualStudioVersion = 10.0.40219.1
Project("{FAE04EC0-301F-11D3-BF4B-00C04F79EFBC}") = "HashCode", "HashCode\HashCode.csproj", "{417AF1E4-61B4-429E-BB66-97FF75DF2426}"
EndProject
Global
	GlobalSection(SolutionConfigurationPlatforms) = preSolution
		Debug|Any CPU = Debug|Any CPU
		Release|Any CPU = Release|Any CPU
	EndGlobalSection
	GlobalSection(ProjectConfigurationPlatforms) = postSolution
		{417AF1E4-61B4-429E-BB66-97FF75DF2426}.Debug|Any CPU.ActiveCfg = Debug|Any CPU
		{417AF1E4-61B4-429E-BB66-97FF75DF2426}.Debug|Any CPU.Build.0 = Debug|Any CPU
		{417AF1E4-61B4-429E-BB66-97FF75DF2426}.Release|Any CPU.ActiveCfg = Release|Any CPU
		{417AF1E4-61B4-429E-BB66-97FF75DF2426}.Release|Any CPU.Build.0 = Release|Any CPU
	EndGlobalSection
	GlobalSection(SolutionProperties) = preSolution
		HideSolutionNode = FALSE
	EndGlobalSection
	GlobalSection(ExtensibilityGlobals) = postSolution
		SolutionGuid = {62712850-B655-4D00-B1FB-86EFE5E0CD93}
	EndGlobalSection
EndGlobal
